<?xml version="1.0" encoding="utf-8"?>
<Project ToolsVersion="4.0" xmlns="http://schemas.microsoft.com/developer/msbuild/2003">
  <ItemGroup>
    <Filter Include="소스 파일">
      <UniqueIdentifier>{4FC737F1-C7A5-4376-A066-2A32D752A2FF}</UniqueIdentifier>
      <Extensions>cpp;c;cc;cxx;def;odl;idl;hpj;bat;asm;asmx</Extensions>
    </Filter>
    <Filter Include="헤더 파일">
      <UniqueIdentifier>{93995380-89BD-4b04-88EB-625FBE52EBFB}</UniqueIdentifier>
      <Extensions>h;hh;hpp;hxx;hm;inl;inc;ipp;xsd</Extensions>
    </Filter>
    <Filter Include="Assets">
      <UniqueIdentifier>{120c9c0c-fe0b-4d4b-b73e-7174687750fd}</UniqueIdentifier>
    </Filter>
    <Filter Include="Components">
      <UniqueIdentifier>{0d9c429e-26f1-4d6c-917e-5833c7a4bbd8}</UniqueIdentifier>
    </Filter>
    <Filter Include="Interfaces">
      <UniqueIdentifier>{ca77a838-59da-4578-95c5-dfb8a3bdeaf1}</UniqueIdentifier>
    </Filter>
    <Filter Include="Objects">
      <UniqueIdentifier>{c0d7ddc6-280a-42cf-85f8-9a0cd67b61c2}</UniqueIdentifier>
    </Filter>
  </ItemGroup>
  <ItemGroup>
    <ClInclude Include="GECommonIncludes.h">
      <Filter>헤더 파일</Filter>
    </ClInclude>
    <ClInclude Include="CGameBase.h">
      <Filter>헤더 파일</Filter>
    </ClInclude>
    <ClInclude Include="CEngineBase.h">
      <Filter>헤더 파일</Filter>
    </ClInclude>
    <ClInclude Include="Objects\CObject.h">
      <Filter>Objects</Filter>
    </ClInclude>
    <ClInclude Include="Interfaces\CInterfaceBase.h">
      <Filter>Interfaces</Filter>
    </ClInclude>
    <ClInclude Include="Interfaces\CInt_Reflection.h">
      <Filter>Interfaces</Filter>
    </ClInclude>
    <ClInclude Include="Interfaces\CInt_Component.h">
      <Filter>Interfaces</Filter>
    </ClInclude>
    <ClInclude Include="Components\CStaticMeshComponent.h">
      <Filter>Components</Filter>
    </ClInclude>
    <ClInclude Include="Components\CMeshComponent.h">
      <Filter>Components</Filter>
    </ClInclude>
    <ClInclude Include="Components\CDrawComponent.h">
      <Filter>Components</Filter>
    </ClInclude>
    <ClInclude Include="Components\CComponent.h">
      <Filter>Components</Filter>
    </ClInclude>
    <ClInclude Include="Assets\CAssetManager.h">
      <Filter>Assets</Filter>
    </ClInclude>
    <ClInclude Include="Assets\CAsset.h">
      <Filter>Assets</Filter>
    </ClInclude>
    <ClInclude Include="GEContainers.h">
      <Filter>헤더 파일</Filter>
    </ClInclude>
    <ClInclude Include="Objects\CActor.h">
      <Filter>Objects</Filter>
    </ClInclude>
    <ClInclude Include="Objects\CMap.h">
      <Filter>Objects</Filter>
    </ClInclude>
    <ClInclude Include="Assets\CAssetModel.h">
      <Filter>Assets</Filter>
    </ClInclude>
  </ItemGroup>
  <ItemGroup>
    <ClCompile Include="CGameBase.cpp">
      <Filter>소스 파일</Filter>
    </ClCompile>
    <ClCompile Include="CEngineBase.cpp">
      <Filter>소스 파일</Filter>
    </ClCompile>
    <ClCompile Include="Objects\CObject.cpp">
      <Filter>Objects</Filter>
    </ClCompile>
    <ClCompile Include="Interfaces\CInt_Reflection.cpp">
      <Filter>Interfaces</Filter>
    </ClCompile>
    <ClCompile Include="Components\CStaticMeshComponent.cpp">
      <Filter>Components</Filter>
    </ClCompile>
    <ClCompile Include="Components\CMeshComponent.cpp">
      <Filter>Components</Filter>
    </ClCompile>
    <ClCompile Include="Components\CDrawComponent.cpp">
      <Filter>Components</Filter>
    </ClCompile>
    <ClCompile Include="Components\CComponent.cpp">
      <Filter>Components</Filter>
    </ClCompile>
    <ClCompile Include="Assets\CAssetManager.cpp">
      <Filter>Assets</Filter>
    </ClCompile>
    <ClCompile Include="Assets\CAsset.cpp">
      <Filter>Assets</Filter>
    </ClCompile>
    <ClCompile Include="Objects\CActor.cpp">
      <Filter>Objects</Filter>
    </ClCompile>
    <ClCompile Include="Objects\CMap.cpp">
      <Filter>Objects</Filter>
    </ClCompile>
    <ClCompile Include="Assets\CAssetModel.cpp">
      <Filter>Assets</Filter>
    </ClCompile>
  </ItemGroup>
</Project>