<?xml version="1.0" encoding="utf-8"?>
<Project ToolsVersion="4.0" xmlns="http://schemas.microsoft.com/developer/msbuild/2003">
  <ItemGroup>
    <Filter Include="소스 파일">
      <UniqueIdentifier>{4FC737F1-C7A5-4376-A066-2A32D752A2FF}</UniqueIdentifier>
      <Extensions>cpp;c;cc;cxx;def;odl;idl;hpj;bat;asm;asmx</Extensions>
    </Filter>
    <Filter Include="헤더 파일">
      <UniqueIdentifier>{93995380-89BD-4b04-88EB-625FBE52EBFB}</UniqueIdentifier>
      <Extensions>h;hh;hpp;hxx;hm;inl;inc;ipp;xsd</Extensions>
    </Filter>
    <Filter Include="Assets">
      <UniqueIdentifier>{120c9c0c-fe0b-4d4b-b73e-7174687750fd}</UniqueIdentifier>
    </Filter>
    <Filter Include="Components">
      <UniqueIdentifier>{0d9c429e-26f1-4d6c-917e-5833c7a4bbd8}</UniqueIdentifier>
    </Filter>
    <Filter Include="Interfaces">
      <UniqueIdentifier>{ca77a838-59da-4578-95c5-dfb8a3bdeaf1}</UniqueIdentifier>
    </Filter>
    <Filter Include="Objects">
      <UniqueIdentifier>{c0d7ddc6-280a-42cf-85f8-9a0cd67b61c2}</UniqueIdentifier>
    </Filter>
    <Filter Include="Rendering">
      <UniqueIdentifier>{630d572b-a958-4887-8dea-cbb05cb3c2d9}</UniqueIdentifier>
    </Filter>
    <Filter Include="Components\Draw">
      <UniqueIdentifier>{1b6f77df-226c-4090-a634-c5d162f3756a}</UniqueIdentifier>
    </Filter>
    <Filter Include="Components\Transform">
      <UniqueIdentifier>{d70c8826-196f-44d3-a5c3-ff1d177175b5}</UniqueIdentifier>
    </Filter>
    <Filter Include="Components\Bound">
      <UniqueIdentifier>{3c872e05-3b73-43fc-a2d2-3569f2c2992c}</UniqueIdentifier>
    </Filter>
    <Filter Include="Components\System">
      <UniqueIdentifier>{15cdd8ec-3987-4ed2-ba7b-1459d0b1364d}</UniqueIdentifier>
    </Filter>
  </ItemGroup>
  <ItemGroup>
    <ClInclude Include="GECommonIncludes.h">
      <Filter>헤더 파일</Filter>
    </ClInclude>
    <ClInclude Include="CGameBase.h">
      <Filter>헤더 파일</Filter>
    </ClInclude>
    <ClInclude Include="CEngineBase.h">
      <Filter>헤더 파일</Filter>
    </ClInclude>
    <ClInclude Include="Objects\CObject.h">
      <Filter>Objects</Filter>
    </ClInclude>
    <ClInclude Include="Interfaces\CInterfaceBase.h">
      <Filter>Interfaces</Filter>
    </ClInclude>
    <ClInclude Include="Interfaces\CInt_Reflection.h">
      <Filter>Interfaces</Filter>
    </ClInclude>
    <ClInclude Include="Interfaces\CInt_Component.h">
      <Filter>Interfaces</Filter>
    </ClInclude>
    <ClInclude Include="Components\CComponent.h">
      <Filter>Components</Filter>
    </ClInclude>
    <ClInclude Include="Assets\CAssetManager.h">
      <Filter>Assets</Filter>
    </ClInclude>
    <ClInclude Include="Assets\CAsset.h">
      <Filter>Assets</Filter>
    </ClInclude>
    <ClInclude Include="GEContainers.h">
      <Filter>헤더 파일</Filter>
    </ClInclude>
    <ClInclude Include="Objects\CActor.h">
      <Filter>Objects</Filter>
    </ClInclude>
    <ClInclude Include="Objects\CMap.h">
      <Filter>Objects</Filter>
    </ClInclude>
    <ClInclude Include="Components\CDrawComponent.h">
      <Filter>Components\Draw</Filter>
    </ClInclude>
    <ClInclude Include="Components\CMeshComponent.h">
      <Filter>Components\Draw</Filter>
    </ClInclude>
    <ClInclude Include="Components\CStaticMeshComponent.h">
      <Filter>Components\Draw</Filter>
    </ClInclude>
    <ClInclude Include="CTimer.h">
      <Filter>헤더 파일</Filter>
    </ClInclude>
    <ClInclude Include="CInterpolation.h">
      <Filter>헤더 파일</Filter>
    </ClInclude>
    <ClInclude Include="Components\CBoundComponent.h">
      <Filter>Components\Bound</Filter>
    </ClInclude>
    <ClInclude Include="Components\CSphereComponent.h">
      <Filter>Components\Bound</Filter>
    </ClInclude>
    <ClInclude Include="Components\CMovementComponent.h">
      <Filter>Components\Transform</Filter>
    </ClInclude>
    <ClInclude Include="Assets\CResourceModel.h">
      <Filter>Rendering</Filter>
    </ClInclude>
    <ClInclude Include="Components\CPointComponent.h">
      <Filter>Components\Bound</Filter>
    </ClInclude>
    <ClInclude Include="CQuadTree.h">
      <Filter>헤더 파일</Filter>
    </ClInclude>
    <ClInclude Include="Components\CCubeComponent.h">
      <Filter>Components\Bound</Filter>
    </ClInclude>
    <ClInclude Include="RTTI.hpp">
      <Filter>헤더 파일</Filter>
    </ClInclude>
    <ClInclude Include="Objects\CStaticMeshActor.h">
      <Filter>Objects</Filter>
    </ClInclude>
    <ClInclude Include="Objects\CCollideActor.h">
      <Filter>Objects</Filter>
    </ClInclude>
    <ClInclude Include="CBoundCheck.h">
      <Filter>헤더 파일</Filter>
    </ClInclude>
    <ClInclude Include="Components\CSegmentComponent.h">
      <Filter>Components\Bound</Filter>
    </ClInclude>
    <ClInclude Include="Components\CQuadComponent.h">
      <Filter>Components\Bound</Filter>
    </ClInclude>
    <ClInclude Include="Components\CCircleComponent.h">
      <Filter>Components\Bound</Filter>
    </ClInclude>
    <ClInclude Include="Objects\CCameraActor.h">
      <Filter>Objects</Filter>
    </ClInclude>
    <ClInclude Include="Components\CPlaneComponent.h">
      <Filter>Components\Bound</Filter>
    </ClInclude>
  </ItemGroup>
  <ItemGroup>
    <ClCompile Include="CGameBase.cpp">
      <Filter>소스 파일</Filter>
    </ClCompile>
    <ClCompile Include="CEngineBase.cpp">
      <Filter>소스 파일</Filter>
    </ClCompile>
    <ClCompile Include="Objects\CObject.cpp">
      <Filter>Objects</Filter>
    </ClCompile>
    <ClCompile Include="Interfaces\CInt_Reflection.cpp">
      <Filter>Interfaces</Filter>
    </ClCompile>
    <ClCompile Include="Components\CComponent.cpp">
      <Filter>Components</Filter>
    </ClCompile>
    <ClCompile Include="Assets\CAssetManager.cpp">
      <Filter>Assets</Filter>
    </ClCompile>
    <ClCompile Include="Assets\CAsset.cpp">
      <Filter>Assets</Filter>
    </ClCompile>
    <ClCompile Include="Objects\CActor.cpp">
      <Filter>Objects</Filter>
    </ClCompile>
    <ClCompile Include="Objects\CMap.cpp">
      <Filter>Objects</Filter>
    </ClCompile>
    <ClCompile Include="Components\CDrawComponent.cpp">
      <Filter>Components\Draw</Filter>
    </ClCompile>
    <ClCompile Include="Components\CMeshComponent.cpp">
      <Filter>Components\Draw</Filter>
    </ClCompile>
    <ClCompile Include="Components\CStaticMeshComponent.cpp">
      <Filter>Components\Draw</Filter>
    </ClCompile>
    <ClCompile Include="CTimer.cpp">
      <Filter>소스 파일</Filter>
    </ClCompile>
    <ClCompile Include="CInterpolation.cpp">
      <Filter>소스 파일</Filter>
    </ClCompile>
    <ClCompile Include="Components\CBoundComponent.cpp">
      <Filter>Components\Bound</Filter>
    </ClCompile>
    <ClCompile Include="Components\CSphereComponent.cpp">
      <Filter>Components\Bound</Filter>
    </ClCompile>
    <ClCompile Include="Components\CMovementComponent.cpp">
      <Filter>Components\Transform</Filter>
    </ClCompile>
    <ClCompile Include="Assets\CResourceModel.cpp">
      <Filter>Rendering</Filter>
    </ClCompile>
    <ClCompile Include="Components\CPointComponent.cpp">
      <Filter>Components\Bound</Filter>
    </ClCompile>
    <ClCompile Include="CQuadTree.cpp">
      <Filter>소스 파일</Filter>
    </ClCompile>
    <ClCompile Include="Components\CCubeComponent.cpp">
      <Filter>Components\Bound</Filter>
    </ClCompile>
    <ClCompile Include="RTTI.cpp">
      <Filter>소스 파일</Filter>
    </ClCompile>
    <ClCompile Include="Objects\CStaticMeshActor.cpp">
      <Filter>Objects</Filter>
    </ClCompile>
    <ClCompile Include="Objects\CCollideActor.cpp">
      <Filter>Objects</Filter>
    </ClCompile>
    <ClCompile Include="CBoundCheck.cpp">
      <Filter>소스 파일</Filter>
    </ClCompile>
    <ClCompile Include="Components\CSegmentComponent.cpp">
      <Filter>Components\Bound</Filter>
    </ClCompile>
    <ClCompile Include="Components\CQuadComponent.cpp">
      <Filter>Components\Bound</Filter>
    </ClCompile>
    <ClCompile Include="Components\CCircleComponent.cpp">
      <Filter>Components\Bound</Filter>
    </ClCompile>
    <ClCompile Include="Objects\CCameraActor.cpp">
      <Filter>Objects</Filter>
    </ClCompile>
    <ClCompile Include="Components\CPlaneComponent.cpp">
      <Filter>Components\Bound</Filter>
    </ClCompile>
  </ItemGroup>
</Project>